
Microsoft Visual Studio Solution File, Format Version 12.00
# Visual Studio Version 17
VisualStudioVersion = 17.11.35312.102
MinimumVisualStudioVersion = 10.0.40219.1
Project("{FAE04EC0-301F-11D3-BF4B-00C04F79EFBC}") = "TodoList", "TodoList.csproj", "{4CF24C90-528B-47AF-86A6-2949D6BA4D0E}"
EndProject
Global
	GlobalSection(SolutionConfigurationPlatforms) = preSolution
		Debug|Any CPU = Debug|Any CPU
		Release|Any CPU = Release|Any CPU
	EndGlobalSection
	GlobalSection(ProjectConfigurationPlatforms) = postSolution
		{4CF24C90-528B-47AF-86A6-2949D6BA4D0E}.Debug|Any CPU.ActiveCfg = Debug|Any CPU
		{4CF24C90-528B-47AF-86A6-2949D6BA4D0E}.Debug|Any CPU.Build.0 = Debug|Any CPU
		{4CF24C90-528B-47AF-86A6-2949D6BA4D0E}.Release|Any CPU.ActiveCfg = Release|Any CPU
		{4CF24C90-528B-47AF-86A6-2949D6BA4D0E}.Release|Any CPU.Build.0 = Release|Any CPU
	EndGlobalSection
	GlobalSection(SolutionProperties) = preSolution
		HideSolutionNode = FALSE
	EndGlobalSection
	GlobalSection(ExtensibilityGlobals) = postSolution
		SolutionGuid = {CBFD0819-A2B4-4C72-AC71-493926829BE2}
	EndGlobalSection
EndGlobal
